{
  "requires": true,
  "lockfileVersion": 1,
  "dependencies": {
    "debug": {
      "version": "2.6.9",
      "resolved": "https://registry.npmjs.org/debug/-/debug-2.6.9.tgz",
      "integrity": "sha512-bC7ElrdJaJnPbAP+1EotYvqZsb3ecl5wi6Bfi6BJTUcNowp6cvspg0jXznRTKDjm/E7AdgFBVeAPVMNcKGsHMA==",
      "requires": {
        "ms": "2.0.0"
      }
    },
    "echarts": {
      "version": "4.8.0",
      "resolved": "https://registry.npmjs.org/echarts/-/echarts-4.8.0.tgz",
      "integrity": "sha512-YwShpug8fWngj/RlgxDaYrLBoD+LsZUArrusjNPHpAF+is+gGe38xx4W848AwWMGoi745t3OXM52JedNrv+F6g==",
      "requires": {
        "zrender": "4.3.1"
      }
    },
    "jsonp": {
      "version": "0.2.1",
      "resolved": "https://registry.npmjs.org/jsonp/-/jsonp-0.2.1.tgz",
      "integrity": "sha1-pltPoPEL2nGaBUQep7lMVfPhW64=",
      "requires": {
        "debug": "^2.1.3"
      }
    },
    "ms": {
      "version": "2.0.0",
      "resolved": "https://registry.npmjs.org/ms/-/ms-2.0.0.tgz",
      "integrity": "sha1-VgiurfwAvmwpAd9fmGF4jeDVl8g="
    },
    "zrender": {
      "version": "4.3.1",
      "resolved": "https://registry.npmjs.org/zrender/-/zrender-4.3.1.tgz",
      "integrity": "sha512-CeH2TpJeCdG0TAGYoPSAcFX2ogdug1K7LIn9UO/q9HWqQ54gWhrMAlDP9AwWYMUDhrPe4VeazQ4DW3msD96nUQ=="
    }
  }
}
